// !$*UTF8*$!
{
	archiveVersion = 1;
	classes = {
	};
	objectVersion = 50;
	objects = {

/* Begin PBXBuildFile section */
		41BD6F362E062AD7005CB16C /* Assets.xcassets in Resources */ = {isa = PBXBuildFile; fileRef = 41BD6F352E062AD7005CB16C /* Assets.xcassets */; };
		41BD6F392E062AD7005CB16C /* Main.storyboard in Resources */ = {isa = PBXBuildFile; fileRef = 41BD6F372E062AD7005CB16C /* Main.storyboard */; };
		41BD6F3C2E062AD7005CB16C /* main.m in Sources */ = {isa = PBXBuildFile; fileRef = 41BD6F3B2E062AD7005CB16C /* main.m */; };
/* End PBXBuildFile section */

/* Begin PBXFileReference section */
		41BD6F2C2E062AD6005CB16C /* nuklear_mac_metal.app */ = {isa = PBXFileReference; explicitFileType = wrapper.application; includeInIndex = 0; path = nuklear_mac_metal.app; sourceTree = BUILT_PRODUCTS_DIR; };
		41BD6F352E062AD7005CB16C /* Assets.xcassets */ = {isa = PBXFileReference; lastKnownFileType = folder.assetcatalog; path = Assets.xcassets; sourceTree = "<group>"; };
		41BD6F382E062AD7005CB16C /* Base */ = {isa = PBXFileReference; lastKnownFileType = file.storyboard; name = Base; path = Base.lproj/Main.storyboard; sourceTree = "<group>"; };
		41BD6F3A2E062AD7005CB16C /* Info.plist */ = {isa = PBXFileReference; lastKnownFileType = text.plist.xml; path = Info.plist; sourceTree = "<group>"; };
		41BD6F3B2E062AD7005CB16C /* main.m */ = {isa = PBXFileReference; lastKnownFileType = sourcecode.c.objc; path = main.m; sourceTree = "<group>"; };
		41BD6F3D2E062AD7005CB16C /* nuklear_mac_metal.entitlements */ = {isa = PBXFileReference; lastKnownFileType = text.plist.entitlements; path = nuklear_mac_metal.entitlements; sourceTree = "<group>"; };
		41BD6F452E062F4D005CB16C /* nuklear.h */ = {isa = PBXFileReference; fileEncoding = 4; lastKnownFileType = sourcecode.c.h; path = nuklear.h; sourceTree = "<group>"; };
/* End PBXFileReference section */

/* Begin PBXFrameworksBuildPhase section */
		41BD6F292E062AD6005CB16C /* Frameworks */ = {
			isa = PBXFrameworksBuildPhase;
			buildActionMask = 2147483647;
			files = (
			);
			runOnlyForDeploymentPostprocessing = 0;
		};
/* End PBXFrameworksBuildPhase section */

/* Begin PBXGroup section */
		41BD6F232E062AD6005CB16C = {
			isa = PBXGroup;
			children = (
				41BD6F2E2E062AD6005CB16C /* nuklear_mac_metal */,
				41BD6F2D2E062AD6005CB16C /* Products */,
			);
			sourceTree = "<group>";
		};
		41BD6F2D2E062AD6005CB16C /* Products */ = {
			isa = PBXGroup;
			children = (
				41BD6F2C2E062AD6005CB16C /* nuklear_mac_metal.app */,
			);
			name = Products;
			sourceTree = "<group>";
		};
		41BD6F2E2E062AD6005CB16C /* nuklear_mac_metal */ = {
			isa = PBXGroup;
			children = (
				41BD6F452E062F4D005CB16C /* nuklear.h */,
				41BD6F352E062AD7005CB16C /* Assets.xcassets */,
				41BD6F372E062AD7005CB16C /* Main.storyboard */,
				41BD6F3A2E062AD7005CB16C /* Info.plist */,
				41BD6F3B2E062AD7005CB16C /* main.m */,
				41BD6F3D2E062AD7005CB16C /* nuklear_mac_metal.entitlements */,
			);
			path = nuklear_mac_metal;
			sourceTree = "<group>";
		};
/* End PBXGroup section */

/* Begin PBXNativeTarget section */
		41BD6F2B2E062AD6005CB16C /* nuklear_mac_metal */ = {
			isa = PBXNativeTarget;
			buildConfigurationList = 41BD6F402E062AD7005CB16C /* Build configuration list for PBXNativeTarget "nuklear_mac_metal" */;
			buildPhases = (
				41BD6F282E062AD6005CB16C /* Sources */,
				41BD6F292E062AD6005CB16C /* Frameworks */,
				41BD6F2A2E062AD6005CB16C /* Resources */,
			);
			buildRules = (
			);
			dependencies = (
			);
			name = nuklear_mac_metal;
			productName = nuklear_mac_metal;
			productReference = 41BD6F2C2E062AD6005CB16C /* nuklear_mac_metal.app */;
			productType = "com.apple.product-type.application";
		};
/* End PBXNativeTarget section */

/* Begin PBXProject section */
		41BD6F242E062AD6005CB16C /* Project object */ = {
			isa = PBXProject;
			attributes = {
				LastUpgradeCheck = 1210;
				TargetAttributes = {
					41BD6F2B2E062AD6005CB16C = {
						CreatedOnToolsVersion = 12.1;
					};
				};
			};
			buildConfigurationList = 41BD6F272E062AD6005CB16C /* Build configuration list for PBXProject "nuklear_mac_metal" */;
			compatibilityVersion = "Xcode 9.3";
			developmentRegion = en;
			hasScannedForEncodings = 0;
			knownRegions = (
				en,
				Base,
			);
			mainGroup = 41BD6F232E062AD6005CB16C;
			productRefGroup = 41BD6F2D2E062AD6005CB16C /* Products */;
			projectDirPath = "";
			projectRoot = "";
			targets = (
				41BD6F2B2E062AD6005CB16C /* nuklear_mac_metal */,
			);
		};
/* End PBXProject section */

/* Begin PBXResourcesBuildPhase section */
		41BD6F2A2E062AD6005CB16C /* Resources */ = {
			isa = PBXResourcesBuildPhase;
			buildActionMask = 2147483647;
			files = (
				41BD6F362E062AD7005CB16C /* Assets.xcassets in Resources */,
				41BD6F392E062AD7005CB16C /* Main.storyboard in Resources */,
			);
			runOnlyForDeploymentPostprocessing = 0;
		};
/* End PBXResourcesBuildPhase section */

/* Begin PBXSourcesBuildPhase section */
		41BD6F282E062AD6005CB16C /* Sources */ = {
			isa = PBXSourcesBuildPhase;
			buildActionMask = 2147483647;
			files = (
				41BD6F3C2E062AD7005CB16C /* main.m in Sources */,
			);
			runOnlyForDeploymentPostprocessing = 0;
		};
/* End PBXSourcesBuildPhase section */

/* Begin PBXVariantGroup section */
		41BD6F372E062AD7005CB16C /* Main.storyboard */ = {
			isa = PBXVariantGroup;
			children = (
				41BD6F382E062AD7005CB16C /* Base */,
			);
			name = Main.storyboard;
			sourceTree = "<group>";
		};
/* End PBXVariantGroup section */

/* Begin XCBuildConfiguration section */
		41BD6F3E2E062AD7005CB16C /* Debug */ = {
			isa = XCBuildConfiguration;
			buildSettings = {
				ALWAYS_SEARCH_USER_PATHS = NO;
				CLANG_ANALYZER_NONNULL = YES;
				CLANG_ANALYZER_NUMBER_OBJECT_CONVERSION = YES_AGGRESSIVE;
				CLANG_CXX_LANGUAGE_STANDARD = "gnu++14";
				CLANG_CXX_LIBRARY = "libc++";
				CLANG_ENABLE_MODULES = YES;
				CLANG_ENABLE_OBJC_ARC = YES;
				CLANG_ENABLE_OBJC_WEAK = YES;
				CLANG_WARN_BLOCK_CAPTURE_AUTORELEASING = YES;
				CLANG_WARN_BOOL_CONVERSION = YES;
				CLANG_WARN_COMMA = YES;
				CLANG_WARN_CONSTANT_CONVERSION = YES;
				CLANG_WARN_DEPRECATED_OBJC_IMPLEMENTATIONS = YES;
				CLANG_WARN_DIRECT_OBJC_ISA_USAGE = YES_ERROR;
				CLANG_WARN_DOCUMENTATION_COMMENTS = YES;
				CLANG_WARN_EMPTY_BODY = YES;
				CLANG_WARN_ENUM_CONVERSION = YES;
				CLANG_WARN_INFINITE_RECURSION = YES;
				CLANG_WARN_INT_CONVERSION = YES;
				CLANG_WARN_NON_LITERAL_NULL_CONVERSION = YES;
				CLANG_WARN_OBJC_IMPLICIT_RETAIN_SELF = YES;
				CLANG_WARN_OBJC_LITERAL_CONVERSION = YES;
				CLANG_WARN_OBJC_ROOT_CLASS = YES_ERROR;
				CLANG_WARN_QUOTED_INCLUDE_IN_FRAMEWORK_HEADER = YES;
				CLANG_WARN_RANGE_LOOP_ANALYSIS = YES;
				CLANG_WARN_STRICT_PROTOTYPES = YES;
				CLANG_WARN_SUSPICIOUS_MOVE = YES;
				CLANG_WARN_UNGUARDED_AVAILABILITY = YES_AGGRESSIVE;
				CLANG_WARN_UNREACHABLE_CODE = YES;
				CLANG_WARN__DUPLICATE_METHOD_MATCH = YES;
				COPY_PHASE_STRIP = NO;
				DEBUG_INFORMATION_FORMAT = dwarf;
				ENABLE_STRICT_OBJC_MSGSEND = YES;
				ENABLE_TESTABILITY = YES;
				GCC_C_LANGUAGE_STANDARD = gnu11;
				GCC_DYNAMIC_NO_PIC = NO;
				GCC_NO_COMMON_BLOCKS = YES;
				GCC_OPTIMIZATION_LEVEL = 0;
				GCC_PREPROCESSOR_DEFINITIONS = (
					"DEBUG=1",
					"$(inherited)",
				);
				GCC_WARN_64_TO_32_BIT_CONVERSION = YES;
				GCC_WARN_ABOUT_RETURN_TYPE = YES_ERROR;
				GCC_WARN_UNDECLARED_SELECTOR = YES;
				GCC_WARN_UNINITIALIZED_AUTOS = YES_AGGRESSIVE;
				GCC_WARN_UNUSED_FUNCTION = YES;
				GCC_WARN_UNUSED_VARIABLE = YES;
				MACOSX_DEPLOYMENT_TARGET = 10.15;
				MTL_ENABLE_DEBUG_INFO = INCLUDE_SOURCE;
				MTL_FAST_MATH = YES;
				ONLY_ACTIVE_ARCH = YES;
				SDKROOT = macosx;
			};
			name = Debug;
		};
		41BD6F3F2E062AD7005CB16C /* Release */ = {
			isa = XCBuildConfiguration;
			buildSettings = {
				ALWAYS_SEARCH_USER_PATHS = NO;
				CLANG_ANALYZER_NONNULL = YES;
				CLANG_ANALYZER_NUMBER_OBJECT_CONVERSION = YES_AGGRESSIVE;
				CLANG_CXX_LANGUAGE_STANDARD = "gnu++14";
				CLANG_CXX_LIBRARY = "libc++";
				CLANG_ENABLE_MODULES = YES;
				CLANG_ENABLE_OBJC_ARC = YES;
				CLANG_ENABLE_OBJC_WEAK = YES;
				CLANG_WARN_BLOCK_CAPTURE_AUTORELEASING = YES;
				CLANG_WARN_BOOL_CONVERSION = YES;
				CLANG_WARN_COMMA = YES;
				CLANG_WARN_CONSTANT_CONVERSION = YES;
				CLANG_WARN_DEPRECATED_OBJC_IMPLEMENTATIONS = YES;
				CLANG_WARN_DIRECT_OBJC_ISA_USAGE = YES_ERROR;
				CLANG_WARN_DOCUMENTATION_COMMENTS = YES;
				CLANG_WARN_EMPTY_BODY = YES;
				CLANG_WARN_ENUM_CONVERSION = YES;
				CLANG_WARN_INFINITE_RECURSION = YES;
				CLANG_WARN_INT_CONVERSION = YES;
				CLANG_WARN_NON_LITERAL_NULL_CONVERSION = YES;
				CLANG_WARN_OBJC_IMPLICIT_RETAIN_SELF = YES;
				CLANG_WARN_OBJC_LITERAL_CONVERSION = YES;
				CLANG_WARN_OBJC_ROOT_CLASS = YES_ERROR;
				CLANG_WARN_QUOTED_INCLUDE_IN_FRAMEWORK_HEADER = YES;
				CLANG_WARN_RANGE_LOOP_ANALYSIS = YES;
				CLANG_WARN_STRICT_PROTOTYPES = YES;
				CLANG_WARN_SUSPICIOUS_MOVE = YES;
				CLANG_WARN_UNGUARDED_AVAILABILITY = YES_AGGRESSIVE;
				CLANG_WARN_UNREACHABLE_CODE = YES;
				CLANG_WARN__DUPLICATE_METHOD_MATCH = YES;
				COPY_PHASE_STRIP = NO;
				DEBUG_INFORMATION_FORMAT = "dwarf-with-dsym";
				ENABLE_NS_ASSERTIONS = NO;
				ENABLE_STRICT_OBJC_MSGSEND = YES;
				GCC_C_LANGUAGE_STANDARD = gnu11;
				GCC_NO_COMMON_BLOCKS = YES;
				GCC_WARN_64_TO_32_BIT_CONVERSION = YES;
				GCC_WARN_ABOUT_RETURN_TYPE = YES_ERROR;
				GCC_WARN_UNDECLARED_SELECTOR = YES;
				GCC_WARN_UNINITIALIZED_AUTOS = YES_AGGRESSIVE;
				GCC_WARN_UNUSED_FUNCTION = YES;
				GCC_WARN_UNUSED_VARIABLE = YES;
				MACOSX_DEPLOYMENT_TARGET = 10.15;
				MTL_ENABLE_DEBUG_INFO = NO;
				MTL_FAST_MATH = YES;
				SDKROOT = macosx;
			};
			name = Release;
		};
		41BD6F412E062AD7005CB16C /* Debug */ = {
			isa = XCBuildConfiguration;
			buildSettings = {
				ASSETCATALOG_COMPILER_APPICON_NAME = AppIcon;
				ASSETCATALOG_COMPILER_GLOBAL_ACCENT_COLOR_NAME = AccentColor;
				CODE_SIGN_ENTITLEMENTS = nuklear_mac_metal/nuklear_mac_metal.entitlements;
				CODE_SIGN_STYLE = Automatic;
				COMBINE_HIDPI_IMAGES = YES;
				INFOPLIST_FILE = nuklear_mac_metal/Info.plist;
				LD_RUNPATH_SEARCH_PATHS = (
					"$(inherited)",
					"@executable_path/../Frameworks",
				);
				PRODUCT_BUNDLE_IDENTIFIER = "ac.kaiser.nuklear-mac-metal";
				PRODUCT_NAME = "$(TARGET_NAME)";
			};
			name = Debug;
		};
		41BD6F422E062AD7005CB16C /* Release */ = {
			isa = XCBuildConfiguration;
			buildSettings = {
				ASSETCATALOG_COMPILER_APPICON_NAME = AppIcon;
				ASSETCATALOG_COMPILER_GLOBAL_ACCENT_COLOR_NAME = AccentColor;
				CODE_SIGN_ENTITLEMENTS = nuklear_mac_metal/nuklear_mac_metal.entitlements;
				CODE_SIGN_STYLE = Automatic;
				COMBINE_HIDPI_IMAGES = YES;
				INFOPLIST_FILE = nuklear_mac_metal/Info.plist;
				LD_RUNPATH_SEARCH_PATHS = (
					"$(inherited)",
					"@executable_path/../Frameworks",
				);
				PRODUCT_BUNDLE_IDENTIFIER = "ac.kaiser.nuklear-mac-metal";
				PRODUCT_NAME = "$(TARGET_NAME)";
			};
			name = Release;
		};
/* End XCBuildConfiguration section */

/* Begin XCConfigurationList section */
		41BD6F272E062AD6005CB16C /* Build configuration list for PBXProject "nuklear_mac_metal" */ = {
			isa = XCConfigurationList;
			buildConfigurations = (
				41BD6F3E2E062AD7005CB16C /* Debug */,
				41BD6F3F2E062AD7005CB16C /* Release */,
			);
			defaultConfigurationIsVisible = 0;
			defaultConfigurationName = Release;
		};
		41BD6F402E062AD7005CB16C /* Build configuration list for PBXNativeTarget "nuklear_mac_metal" */ = {
			isa = XCConfigurationList;
			buildConfigurations = (
				41BD6F412E062AD7005CB16C /* Debug */,
				41BD6F422E062AD7005CB16C /* Release */,
			);
			defaultConfigurationIsVisible = 0;
			defaultConfigurationName = Release;
		};
/* End XCConfigurationList section */
	};
	rootObject = 41BD6F242E062AD6005CB16C /* Project object */;
}
