// !$*UTF8*$!
{
	archiveVersion = 1;
	classes = {
	};
	objectVersion = 50;
	objects = {

/* Begin PBXBuildFile section */
		4147E58D2E05A781003ED289 /* Main.storyboard in Resources */ = {isa = PBXBuildFile; fileRef = 4147E58B2E05A781003ED289 /* Main.storyboard */; };
		4147E58F2E05A784003ED289 /* Assets.xcassets in Resources */ = {isa = PBXBuildFile; fileRef = 4147E58E2E05A784003ED289 /* Assets.xcassets */; };
		4147E5922E05A784003ED289 /* LaunchScreen.storyboard in Resources */ = {isa = PBXBuildFile; fileRef = 4147E5902E05A784003ED289 /* LaunchScreen.storyboard */; };
		4147E5952E05A784003ED289 /* main.m in Sources */ = {isa = PBXBuildFile; fileRef = 4147E5942E05A784003ED289 /* main.m */; };
		4147E5AC2E05B3A9003ED289 /* ProggyTiny.ttf in Resources */ = {isa = PBXBuildFile; fileRef = 4147E5A12E05B3A9003ED289 /* ProggyTiny.ttf */; };
		4147E5AD2E05B3A9003ED289 /* ProggyClean.ttf in Resources */ = {isa = PBXBuildFile; fileRef = 4147E5A22E05B3A9003ED289 /* ProggyClean.ttf */; };
		4147E5AE2E05B3A9003ED289 /* DroidSans.ttf in Resources */ = {isa = PBXBuildFile; fileRef = 4147E5A32E05B3A9003ED289 /* DroidSans.ttf */; };
		4147E5AF2E05B3A9003ED289 /* kenvector_future_thin.ttf in Resources */ = {isa = PBXBuildFile; fileRef = 4147E5A42E05B3A9003ED289 /* kenvector_future_thin.ttf */; };
		4147E5B02E05B3A9003ED289 /* Roboto-Bold.ttf in Resources */ = {isa = PBXBuildFile; fileRef = 4147E5A52E05B3A9003ED289 /* Roboto-Bold.ttf */; };
		4147E5B12E05B3A9003ED289 /* Roboto-Light.ttf in Resources */ = {isa = PBXBuildFile; fileRef = 4147E5A62E05B3A9003ED289 /* Roboto-Light.ttf */; };
		4147E5B22E05B3A9003ED289 /* Roboto-Regular.ttf in Resources */ = {isa = PBXBuildFile; fileRef = 4147E5A72E05B3A9003ED289 /* Roboto-Regular.ttf */; };
		4147E5B32E05B3A9003ED289 /* kenvector_future.ttf in Resources */ = {isa = PBXBuildFile; fileRef = 4147E5A82E05B3A9003ED289 /* kenvector_future.ttf */; };
		4147E5B42E05B3A9003ED289 /* Cousine-Regular.ttf in Resources */ = {isa = PBXBuildFile; fileRef = 4147E5A92E05B3A9003ED289 /* Cousine-Regular.ttf */; };
		4147E5B52E05B3A9003ED289 /* Karla-Regular.ttf in Resources */ = {isa = PBXBuildFile; fileRef = 4147E5AA2E05B3A9003ED289 /* Karla-Regular.ttf */; };
		4147E5B62E05B3A9003ED289 /* Raleway-Bold.ttf in Resources */ = {isa = PBXBuildFile; fileRef = 4147E5AB2E05B3A9003ED289 /* Raleway-Bold.ttf */; };
/* End PBXBuildFile section */

/* Begin PBXFileReference section */
		4147E57F2E05A781003ED289 /* nuklear_ios_opengl1.app */ = {isa = PBXFileReference; explicitFileType = wrapper.application; includeInIndex = 0; path = nuklear_ios_opengl1.app; sourceTree = BUILT_PRODUCTS_DIR; };
		4147E58C2E05A781003ED289 /* Base */ = {isa = PBXFileReference; lastKnownFileType = file.storyboard; name = Base; path = Base.lproj/Main.storyboard; sourceTree = "<group>"; };
		4147E58E2E05A784003ED289 /* Assets.xcassets */ = {isa = PBXFileReference; lastKnownFileType = folder.assetcatalog; path = Assets.xcassets; sourceTree = "<group>"; };
		4147E5912E05A784003ED289 /* Base */ = {isa = PBXFileReference; lastKnownFileType = file.storyboard; name = Base; path = Base.lproj/LaunchScreen.storyboard; sourceTree = "<group>"; };
		4147E5932E05A784003ED289 /* Info.plist */ = {isa = PBXFileReference; lastKnownFileType = text.plist.xml; path = Info.plist; sourceTree = "<group>"; };
		4147E5942E05A784003ED289 /* main.m */ = {isa = PBXFileReference; lastKnownFileType = sourcecode.c.objc; path = main.m; sourceTree = "<group>"; };
		4147E59D2E05A9FE003ED289 /* nuklear_gles.h */ = {isa = PBXFileReference; lastKnownFileType = sourcecode.c.h; path = nuklear_gles.h; sourceTree = "<group>"; };
		4147E59F2E05AE43003ED289 /* nuklear.h */ = {isa = PBXFileReference; fileEncoding = 4; lastKnownFileType = sourcecode.c.h; path = nuklear.h; sourceTree = "<group>"; };
		4147E5A12E05B3A9003ED289 /* ProggyTiny.ttf */ = {isa = PBXFileReference; lastKnownFileType = file; name = ProggyTiny.ttf; path = extra_font/ProggyTiny.ttf; sourceTree = "<group>"; };
		4147E5A22E05B3A9003ED289 /* ProggyClean.ttf */ = {isa = PBXFileReference; lastKnownFileType = file; name = ProggyClean.ttf; path = extra_font/ProggyClean.ttf; sourceTree = "<group>"; };
		4147E5A32E05B3A9003ED289 /* DroidSans.ttf */ = {isa = PBXFileReference; lastKnownFileType = file; name = DroidSans.ttf; path = extra_font/DroidSans.ttf; sourceTree = "<group>"; };
		4147E5A42E05B3A9003ED289 /* kenvector_future_thin.ttf */ = {isa = PBXFileReference; lastKnownFileType = file; name = kenvector_future_thin.ttf; path = extra_font/kenvector_future_thin.ttf; sourceTree = "<group>"; };
		4147E5A52E05B3A9003ED289 /* Roboto-Bold.ttf */ = {isa = PBXFileReference; lastKnownFileType = file; name = "Roboto-Bold.ttf"; path = "extra_font/Roboto-Bold.ttf"; sourceTree = "<group>"; };
		4147E5A62E05B3A9003ED289 /* Roboto-Light.ttf */ = {isa = PBXFileReference; lastKnownFileType = file; name = "Roboto-Light.ttf"; path = "extra_font/Roboto-Light.ttf"; sourceTree = "<group>"; };
		4147E5A72E05B3A9003ED289 /* Roboto-Regular.ttf */ = {isa = PBXFileReference; lastKnownFileType = file; name = "Roboto-Regular.ttf"; path = "extra_font/Roboto-Regular.ttf"; sourceTree = "<group>"; };
		4147E5A82E05B3A9003ED289 /* kenvector_future.ttf */ = {isa = PBXFileReference; lastKnownFileType = file; name = kenvector_future.ttf; path = extra_font/kenvector_future.ttf; sourceTree = "<group>"; };
		4147E5A92E05B3A9003ED289 /* Cousine-Regular.ttf */ = {isa = PBXFileReference; lastKnownFileType = file; name = "Cousine-Regular.ttf"; path = "extra_font/Cousine-Regular.ttf"; sourceTree = "<group>"; };
		4147E5AA2E05B3A9003ED289 /* Karla-Regular.ttf */ = {isa = PBXFileReference; lastKnownFileType = file; name = "Karla-Regular.ttf"; path = "extra_font/Karla-Regular.ttf"; sourceTree = "<group>"; };
		4147E5AB2E05B3A9003ED289 /* Raleway-Bold.ttf */ = {isa = PBXFileReference; lastKnownFileType = file; name = "Raleway-Bold.ttf"; path = "extra_font/Raleway-Bold.ttf"; sourceTree = "<group>"; };
/* End PBXFileReference section */

/* Begin PBXFrameworksBuildPhase section */
		4147E57C2E05A781003ED289 /* Frameworks */ = {
			isa = PBXFrameworksBuildPhase;
			buildActionMask = 2147483647;
			files = (
			);
			runOnlyForDeploymentPostprocessing = 0;
		};
/* End PBXFrameworksBuildPhase section */

/* Begin PBXGroup section */
		4147E5762E05A781003ED289 = {
			isa = PBXGroup;
			children = (
				4147E5812E05A781003ED289 /* nuklear_ios_opengl1 */,
				4147E5802E05A781003ED289 /* Products */,
			);
			sourceTree = "<group>";
		};
		4147E5802E05A781003ED289 /* Products */ = {
			isa = PBXGroup;
			children = (
				4147E57F2E05A781003ED289 /* nuklear_ios_opengl1.app */,
			);
			name = Products;
			sourceTree = "<group>";
		};
		4147E5812E05A781003ED289 /* nuklear_ios_opengl1 */ = {
			isa = PBXGroup;
			children = (
				4147E5A92E05B3A9003ED289 /* Cousine-Regular.ttf */,
				4147E5A32E05B3A9003ED289 /* DroidSans.ttf */,
				4147E5AA2E05B3A9003ED289 /* Karla-Regular.ttf */,
				4147E5A42E05B3A9003ED289 /* kenvector_future_thin.ttf */,
				4147E5A82E05B3A9003ED289 /* kenvector_future.ttf */,
				4147E5A22E05B3A9003ED289 /* ProggyClean.ttf */,
				4147E5A12E05B3A9003ED289 /* ProggyTiny.ttf */,
				4147E5AB2E05B3A9003ED289 /* Raleway-Bold.ttf */,
				4147E5A52E05B3A9003ED289 /* Roboto-Bold.ttf */,
				4147E5A62E05B3A9003ED289 /* Roboto-Light.ttf */,
				4147E5A72E05B3A9003ED289 /* Roboto-Regular.ttf */,
				4147E59F2E05AE43003ED289 /* nuklear.h */,
				4147E58B2E05A781003ED289 /* Main.storyboard */,
				4147E58E2E05A784003ED289 /* Assets.xcassets */,
				4147E5902E05A784003ED289 /* LaunchScreen.storyboard */,
				4147E5932E05A784003ED289 /* Info.plist */,
				4147E5942E05A784003ED289 /* main.m */,
				4147E59D2E05A9FE003ED289 /* nuklear_gles.h */,
			);
			path = nuklear_ios_opengl1;
			sourceTree = "<group>";
		};
/* End PBXGroup section */

/* Begin PBXNativeTarget section */
		4147E57E2E05A781003ED289 /* nuklear_ios_opengl1 */ = {
			isa = PBXNativeTarget;
			buildConfigurationList = 4147E5982E05A784003ED289 /* Build configuration list for PBXNativeTarget "nuklear_ios_opengl1" */;
			buildPhases = (
				4147E57B2E05A781003ED289 /* Sources */,
				4147E57C2E05A781003ED289 /* Frameworks */,
				4147E57D2E05A781003ED289 /* Resources */,
			);
			buildRules = (
			);
			dependencies = (
			);
			name = nuklear_ios_opengl1;
			productName = nuklear_ios_opengl1;
			productReference = 4147E57F2E05A781003ED289 /* nuklear_ios_opengl1.app */;
			productType = "com.apple.product-type.application";
		};
/* End PBXNativeTarget section */

/* Begin PBXProject section */
		4147E5772E05A781003ED289 /* Project object */ = {
			isa = PBXProject;
			attributes = {
				LastUpgradeCheck = 1210;
				TargetAttributes = {
					4147E57E2E05A781003ED289 = {
						CreatedOnToolsVersion = 12.1;
					};
				};
			};
			buildConfigurationList = 4147E57A2E05A781003ED289 /* Build configuration list for PBXProject "nuklear_ios_opengl1" */;
			compatibilityVersion = "Xcode 9.3";
			developmentRegion = en;
			hasScannedForEncodings = 0;
			knownRegions = (
				en,
				Base,
			);
			mainGroup = 4147E5762E05A781003ED289;
			productRefGroup = 4147E5802E05A781003ED289 /* Products */;
			projectDirPath = "";
			projectRoot = "";
			targets = (
				4147E57E2E05A781003ED289 /* nuklear_ios_opengl1 */,
			);
		};
/* End PBXProject section */

/* Begin PBXResourcesBuildPhase section */
		4147E57D2E05A781003ED289 /* Resources */ = {
			isa = PBXResourcesBuildPhase;
			buildActionMask = 2147483647;
			files = (
				4147E5922E05A784003ED289 /* LaunchScreen.storyboard in Resources */,
				4147E58F2E05A784003ED289 /* Assets.xcassets in Resources */,
				4147E5B22E05B3A9003ED289 /* Roboto-Regular.ttf in Resources */,
				4147E5B32E05B3A9003ED289 /* kenvector_future.ttf in Resources */,
				4147E5B42E05B3A9003ED289 /* Cousine-Regular.ttf in Resources */,
				4147E5AF2E05B3A9003ED289 /* kenvector_future_thin.ttf in Resources */,
				4147E5AE2E05B3A9003ED289 /* DroidSans.ttf in Resources */,
				4147E5B62E05B3A9003ED289 /* Raleway-Bold.ttf in Resources */,
				4147E5AC2E05B3A9003ED289 /* ProggyTiny.ttf in Resources */,
				4147E5AD2E05B3A9003ED289 /* ProggyClean.ttf in Resources */,
				4147E5B02E05B3A9003ED289 /* Roboto-Bold.ttf in Resources */,
				4147E58D2E05A781003ED289 /* Main.storyboard in Resources */,
				4147E5B52E05B3A9003ED289 /* Karla-Regular.ttf in Resources */,
				4147E5B12E05B3A9003ED289 /* Roboto-Light.ttf in Resources */,
			);
			runOnlyForDeploymentPostprocessing = 0;
		};
/* End PBXResourcesBuildPhase section */

/* Begin PBXSourcesBuildPhase section */
		4147E57B2E05A781003ED289 /* Sources */ = {
			isa = PBXSourcesBuildPhase;
			buildActionMask = 2147483647;
			files = (
				4147E5952E05A784003ED289 /* main.m in Sources */,
			);
			runOnlyForDeploymentPostprocessing = 0;
		};
/* End PBXSourcesBuildPhase section */

/* Begin PBXVariantGroup section */
		4147E58B2E05A781003ED289 /* Main.storyboard */ = {
			isa = PBXVariantGroup;
			children = (
				4147E58C2E05A781003ED289 /* Base */,
			);
			name = Main.storyboard;
			sourceTree = "<group>";
		};
		4147E5902E05A784003ED289 /* LaunchScreen.storyboard */ = {
			isa = PBXVariantGroup;
			children = (
				4147E5912E05A784003ED289 /* Base */,
			);
			name = LaunchScreen.storyboard;
			sourceTree = "<group>";
		};
/* End PBXVariantGroup section */

/* Begin XCBuildConfiguration section */
		4147E5962E05A784003ED289 /* Debug */ = {
			isa = XCBuildConfiguration;
			buildSettings = {
				ALWAYS_SEARCH_USER_PATHS = NO;
				CLANG_ANALYZER_NONNULL = YES;
				CLANG_ANALYZER_NUMBER_OBJECT_CONVERSION = YES_AGGRESSIVE;
				CLANG_CXX_LANGUAGE_STANDARD = "gnu++14";
				CLANG_CXX_LIBRARY = "libc++";
				CLANG_ENABLE_MODULES = YES;
				CLANG_ENABLE_OBJC_ARC = YES;
				CLANG_ENABLE_OBJC_WEAK = YES;
				CLANG_WARN_BLOCK_CAPTURE_AUTORELEASING = YES;
				CLANG_WARN_BOOL_CONVERSION = YES;
				CLANG_WARN_COMMA = YES;
				CLANG_WARN_CONSTANT_CONVERSION = YES;
				CLANG_WARN_DEPRECATED_OBJC_IMPLEMENTATIONS = YES;
				CLANG_WARN_DIRECT_OBJC_ISA_USAGE = YES_ERROR;
				CLANG_WARN_DOCUMENTATION_COMMENTS = YES;
				CLANG_WARN_EMPTY_BODY = YES;
				CLANG_WARN_ENUM_CONVERSION = YES;
				CLANG_WARN_INFINITE_RECURSION = YES;
				CLANG_WARN_INT_CONVERSION = YES;
				CLANG_WARN_NON_LITERAL_NULL_CONVERSION = YES;
				CLANG_WARN_OBJC_IMPLICIT_RETAIN_SELF = YES;
				CLANG_WARN_OBJC_LITERAL_CONVERSION = YES;
				CLANG_WARN_OBJC_ROOT_CLASS = YES_ERROR;
				CLANG_WARN_QUOTED_INCLUDE_IN_FRAMEWORK_HEADER = YES;
				CLANG_WARN_RANGE_LOOP_ANALYSIS = YES;
				CLANG_WARN_STRICT_PROTOTYPES = YES;
				CLANG_WARN_SUSPICIOUS_MOVE = YES;
				CLANG_WARN_UNGUARDED_AVAILABILITY = YES_AGGRESSIVE;
				CLANG_WARN_UNREACHABLE_CODE = YES;
				CLANG_WARN__DUPLICATE_METHOD_MATCH = YES;
				COPY_PHASE_STRIP = NO;
				DEBUG_INFORMATION_FORMAT = dwarf;
				ENABLE_STRICT_OBJC_MSGSEND = YES;
				ENABLE_TESTABILITY = YES;
				GCC_C_LANGUAGE_STANDARD = gnu11;
				GCC_DYNAMIC_NO_PIC = NO;
				GCC_NO_COMMON_BLOCKS = YES;
				GCC_OPTIMIZATION_LEVEL = 0;
				GCC_PREPROCESSOR_DEFINITIONS = (
					"DEBUG=1",
					"$(inherited)",
				);
				GCC_WARN_64_TO_32_BIT_CONVERSION = YES;
				GCC_WARN_ABOUT_RETURN_TYPE = YES_ERROR;
				GCC_WARN_UNDECLARED_SELECTOR = YES;
				GCC_WARN_UNINITIALIZED_AUTOS = YES_AGGRESSIVE;
				GCC_WARN_UNUSED_FUNCTION = YES;
				GCC_WARN_UNUSED_VARIABLE = YES;
				IPHONEOS_DEPLOYMENT_TARGET = 14.1;
				MTL_ENABLE_DEBUG_INFO = INCLUDE_SOURCE;
				MTL_FAST_MATH = YES;
				ONLY_ACTIVE_ARCH = YES;
				SDKROOT = iphoneos;
			};
			name = Debug;
		};
		4147E5972E05A784003ED289 /* Release */ = {
			isa = XCBuildConfiguration;
			buildSettings = {
				ALWAYS_SEARCH_USER_PATHS = NO;
				CLANG_ANALYZER_NONNULL = YES;
				CLANG_ANALYZER_NUMBER_OBJECT_CONVERSION = YES_AGGRESSIVE;
				CLANG_CXX_LANGUAGE_STANDARD = "gnu++14";
				CLANG_CXX_LIBRARY = "libc++";
				CLANG_ENABLE_MODULES = YES;
				CLANG_ENABLE_OBJC_ARC = YES;
				CLANG_ENABLE_OBJC_WEAK = YES;
				CLANG_WARN_BLOCK_CAPTURE_AUTORELEASING = YES;
				CLANG_WARN_BOOL_CONVERSION = YES;
				CLANG_WARN_COMMA = YES;
				CLANG_WARN_CONSTANT_CONVERSION = YES;
				CLANG_WARN_DEPRECATED_OBJC_IMPLEMENTATIONS = YES;
				CLANG_WARN_DIRECT_OBJC_ISA_USAGE = YES_ERROR;
				CLANG_WARN_DOCUMENTATION_COMMENTS = YES;
				CLANG_WARN_EMPTY_BODY = YES;
				CLANG_WARN_ENUM_CONVERSION = YES;
				CLANG_WARN_INFINITE_RECURSION = YES;
				CLANG_WARN_INT_CONVERSION = YES;
				CLANG_WARN_NON_LITERAL_NULL_CONVERSION = YES;
				CLANG_WARN_OBJC_IMPLICIT_RETAIN_SELF = YES;
				CLANG_WARN_OBJC_LITERAL_CONVERSION = YES;
				CLANG_WARN_OBJC_ROOT_CLASS = YES_ERROR;
				CLANG_WARN_QUOTED_INCLUDE_IN_FRAMEWORK_HEADER = YES;
				CLANG_WARN_RANGE_LOOP_ANALYSIS = YES;
				CLANG_WARN_STRICT_PROTOTYPES = YES;
				CLANG_WARN_SUSPICIOUS_MOVE = YES;
				CLANG_WARN_UNGUARDED_AVAILABILITY = YES_AGGRESSIVE;
				CLANG_WARN_UNREACHABLE_CODE = YES;
				CLANG_WARN__DUPLICATE_METHOD_MATCH = YES;
				COPY_PHASE_STRIP = NO;
				DEBUG_INFORMATION_FORMAT = "dwarf-with-dsym";
				ENABLE_NS_ASSERTIONS = NO;
				ENABLE_STRICT_OBJC_MSGSEND = YES;
				GCC_C_LANGUAGE_STANDARD = gnu11;
				GCC_NO_COMMON_BLOCKS = YES;
				GCC_WARN_64_TO_32_BIT_CONVERSION = YES;
				GCC_WARN_ABOUT_RETURN_TYPE = YES_ERROR;
				GCC_WARN_UNDECLARED_SELECTOR = YES;
				GCC_WARN_UNINITIALIZED_AUTOS = YES_AGGRESSIVE;
				GCC_WARN_UNUSED_FUNCTION = YES;
				GCC_WARN_UNUSED_VARIABLE = YES;
				IPHONEOS_DEPLOYMENT_TARGET = 14.1;
				MTL_ENABLE_DEBUG_INFO = NO;
				MTL_FAST_MATH = YES;
				SDKROOT = iphoneos;
				VALIDATE_PRODUCT = YES;
			};
			name = Release;
		};
		4147E5992E05A784003ED289 /* Debug */ = {
			isa = XCBuildConfiguration;
			buildSettings = {
				ASSETCATALOG_COMPILER_APPICON_NAME = AppIcon;
				ASSETCATALOG_COMPILER_GLOBAL_ACCENT_COLOR_NAME = AccentColor;
				CODE_SIGN_STYLE = Automatic;
				INFOPLIST_FILE = nuklear_ios_opengl1/Info.plist;
				LD_RUNPATH_SEARCH_PATHS = (
					"$(inherited)",
					"@executable_path/Frameworks",
				);
				PRODUCT_BUNDLE_IDENTIFIER = "ac.kaiser.nuklear-ios-opengl1";
				PRODUCT_NAME = "$(TARGET_NAME)";
				TARGETED_DEVICE_FAMILY = "1,2";
			};
			name = Debug;
		};
		4147E59A2E05A784003ED289 /* Release */ = {
			isa = XCBuildConfiguration;
			buildSettings = {
				ASSETCATALOG_COMPILER_APPICON_NAME = AppIcon;
				ASSETCATALOG_COMPILER_GLOBAL_ACCENT_COLOR_NAME = AccentColor;
				CODE_SIGN_STYLE = Automatic;
				INFOPLIST_FILE = nuklear_ios_opengl1/Info.plist;
				LD_RUNPATH_SEARCH_PATHS = (
					"$(inherited)",
					"@executable_path/Frameworks",
				);
				PRODUCT_BUNDLE_IDENTIFIER = "ac.kaiser.nuklear-ios-opengl1";
				PRODUCT_NAME = "$(TARGET_NAME)";
				TARGETED_DEVICE_FAMILY = "1,2";
			};
			name = Release;
		};
/* End XCBuildConfiguration section */

/* Begin XCConfigurationList section */
		4147E57A2E05A781003ED289 /* Build configuration list for PBXProject "nuklear_ios_opengl1" */ = {
			isa = XCConfigurationList;
			buildConfigurations = (
				4147E5962E05A784003ED289 /* Debug */,
				4147E5972E05A784003ED289 /* Release */,
			);
			defaultConfigurationIsVisible = 0;
			defaultConfigurationName = Release;
		};
		4147E5982E05A784003ED289 /* Build configuration list for PBXNativeTarget "nuklear_ios_opengl1" */ = {
			isa = XCConfigurationList;
			buildConfigurations = (
				4147E5992E05A784003ED289 /* Debug */,
				4147E59A2E05A784003ED289 /* Release */,
			);
			defaultConfigurationIsVisible = 0;
			defaultConfigurationName = Release;
		};
/* End XCConfigurationList section */
	};
	rootObject = 4147E5772E05A781003ED289 /* Project object */;
}
