// !$*UTF8*$!
{
	archiveVersion = 1;
	classes = {
	};
	objectVersion = 50;
	objects = {

/* Begin PBXBuildFile section */
		41F8730F2E03135100C58807 /* Assets.xcassets in Resources */ = {isa = PBXBuildFile; fileRef = 41F8730E2E03135100C58807 /* Assets.xcassets */; };
		41F873122E03135100C58807 /* Main.storyboard in Resources */ = {isa = PBXBuildFile; fileRef = 41F873102E03135100C58807 /* Main.storyboard */; };
		41F873152E03135100C58807 /* main.m in Sources */ = {isa = PBXBuildFile; fileRef = 41F873142E03135100C58807 /* main.m */; };
/* End PBXBuildFile section */

/* Begin PBXFileReference section */
		41F873052E03134F00C58807 /* nuklear_mac_opengl1.app */ = {isa = PBXFileReference; explicitFileType = wrapper.application; includeInIndex = 0; path = nuklear_mac_opengl1.app; sourceTree = BUILT_PRODUCTS_DIR; };
		41F8730E2E03135100C58807 /* Assets.xcassets */ = {isa = PBXFileReference; lastKnownFileType = folder.assetcatalog; path = Assets.xcassets; sourceTree = "<group>"; };
		41F873112E03135100C58807 /* Base */ = {isa = PBXFileReference; lastKnownFileType = file.storyboard; name = Base; path = Base.lproj/Main.storyboard; sourceTree = "<group>"; };
		41F873132E03135100C58807 /* Info.plist */ = {isa = PBXFileReference; lastKnownFileType = text.plist.xml; path = Info.plist; sourceTree = "<group>"; };
		41F873142E03135100C58807 /* main.m */ = {isa = PBXFileReference; lastKnownFileType = sourcecode.c.objc; path = main.m; sourceTree = "<group>"; };
		41F873162E03135100C58807 /* nuklear_mac_opengl1.entitlements */ = {isa = PBXFileReference; lastKnownFileType = text.plist.entitlements; path = nuklear_mac_opengl1.entitlements; sourceTree = "<group>"; };
		41F8731E2E03150600C58807 /* nuklear_gl.h */ = {isa = PBXFileReference; lastKnownFileType = sourcecode.c.h; path = nuklear_gl.h; sourceTree = "<group>"; };
		41F8731F2E03157E00C58807 /* nuklear_mac_opengl1.h */ = {isa = PBXFileReference; lastKnownFileType = sourcecode.c.h; path = nuklear_mac_opengl1.h; sourceTree = "<group>"; };
		41F873232E03184B00C58807 /* nuklear.h */ = {isa = PBXFileReference; fileEncoding = 4; lastKnownFileType = sourcecode.c.h; path = nuklear.h; sourceTree = "<group>"; };
/* End PBXFileReference section */

/* Begin PBXFrameworksBuildPhase section */
		41F873022E03134F00C58807 /* Frameworks */ = {
			isa = PBXFrameworksBuildPhase;
			buildActionMask = 2147483647;
			files = (
			);
			runOnlyForDeploymentPostprocessing = 0;
		};
/* End PBXFrameworksBuildPhase section */

/* Begin PBXGroup section */
		41F872FC2E03134F00C58807 = {
			isa = PBXGroup;
			children = (
				41F873072E03134F00C58807 /* nuklear_mac_opengl1 */,
				41F873062E03134F00C58807 /* Products */,
			);
			sourceTree = "<group>";
		};
		41F873062E03134F00C58807 /* Products */ = {
			isa = PBXGroup;
			children = (
				41F873052E03134F00C58807 /* nuklear_mac_opengl1.app */,
			);
			name = Products;
			sourceTree = "<group>";
		};
		41F873072E03134F00C58807 /* nuklear_mac_opengl1 */ = {
			isa = PBXGroup;
			children = (
				41F873232E03184B00C58807 /* nuklear.h */,
				41F8730E2E03135100C58807 /* Assets.xcassets */,
				41F873102E03135100C58807 /* Main.storyboard */,
				41F873132E03135100C58807 /* Info.plist */,
				41F873142E03135100C58807 /* main.m */,
				41F873162E03135100C58807 /* nuklear_mac_opengl1.entitlements */,
				41F8731E2E03150600C58807 /* nuklear_gl.h */,
				41F8731F2E03157E00C58807 /* nuklear_mac_opengl1.h */,
			);
			path = nuklear_mac_opengl1;
			sourceTree = "<group>";
		};
/* End PBXGroup section */

/* Begin PBXNativeTarget section */
		41F873042E03134F00C58807 /* nuklear_mac_opengl1 */ = {
			isa = PBXNativeTarget;
			buildConfigurationList = 41F873192E03135100C58807 /* Build configuration list for PBXNativeTarget "nuklear_mac_opengl1" */;
			buildPhases = (
				41F873012E03134F00C58807 /* Sources */,
				41F873022E03134F00C58807 /* Frameworks */,
				41F873032E03134F00C58807 /* Resources */,
			);
			buildRules = (
			);
			dependencies = (
			);
			name = nuklear_mac_opengl1;
			productName = nuklear_mac_opengl1;
			productReference = 41F873052E03134F00C58807 /* nuklear_mac_opengl1.app */;
			productType = "com.apple.product-type.application";
		};
/* End PBXNativeTarget section */

/* Begin PBXProject section */
		41F872FD2E03134F00C58807 /* Project object */ = {
			isa = PBXProject;
			attributes = {
				LastUpgradeCheck = 1210;
				TargetAttributes = {
					41F873042E03134F00C58807 = {
						CreatedOnToolsVersion = 12.1;
					};
				};
			};
			buildConfigurationList = 41F873002E03134F00C58807 /* Build configuration list for PBXProject "nuklear_mac_opengl1" */;
			compatibilityVersion = "Xcode 9.3";
			developmentRegion = en;
			hasScannedForEncodings = 0;
			knownRegions = (
				en,
				Base,
			);
			mainGroup = 41F872FC2E03134F00C58807;
			productRefGroup = 41F873062E03134F00C58807 /* Products */;
			projectDirPath = "";
			projectRoot = "";
			targets = (
				41F873042E03134F00C58807 /* nuklear_mac_opengl1 */,
			);
		};
/* End PBXProject section */

/* Begin PBXResourcesBuildPhase section */
		41F873032E03134F00C58807 /* Resources */ = {
			isa = PBXResourcesBuildPhase;
			buildActionMask = 2147483647;
			files = (
				41F8730F2E03135100C58807 /* Assets.xcassets in Resources */,
				41F873122E03135100C58807 /* Main.storyboard in Resources */,
			);
			runOnlyForDeploymentPostprocessing = 0;
		};
/* End PBXResourcesBuildPhase section */

/* Begin PBXSourcesBuildPhase section */
		41F873012E03134F00C58807 /* Sources */ = {
			isa = PBXSourcesBuildPhase;
			buildActionMask = 2147483647;
			files = (
				41F873152E03135100C58807 /* main.m in Sources */,
			);
			runOnlyForDeploymentPostprocessing = 0;
		};
/* End PBXSourcesBuildPhase section */

/* Begin PBXVariantGroup section */
		41F873102E03135100C58807 /* Main.storyboard */ = {
			isa = PBXVariantGroup;
			children = (
				41F873112E03135100C58807 /* Base */,
			);
			name = Main.storyboard;
			sourceTree = "<group>";
		};
/* End PBXVariantGroup section */

/* Begin XCBuildConfiguration section */
		41F873172E03135100C58807 /* Debug */ = {
			isa = XCBuildConfiguration;
			buildSettings = {
				ALWAYS_SEARCH_USER_PATHS = NO;
				CLANG_ANALYZER_NONNULL = YES;
				CLANG_ANALYZER_NUMBER_OBJECT_CONVERSION = YES_AGGRESSIVE;
				CLANG_CXX_LANGUAGE_STANDARD = "gnu++14";
				CLANG_CXX_LIBRARY = "libc++";
				CLANG_ENABLE_MODULES = YES;
				CLANG_ENABLE_OBJC_ARC = YES;
				CLANG_ENABLE_OBJC_WEAK = YES;
				CLANG_WARN_BLOCK_CAPTURE_AUTORELEASING = YES;
				CLANG_WARN_BOOL_CONVERSION = YES;
				CLANG_WARN_COMMA = YES;
				CLANG_WARN_CONSTANT_CONVERSION = YES;
				CLANG_WARN_DEPRECATED_OBJC_IMPLEMENTATIONS = YES;
				CLANG_WARN_DIRECT_OBJC_ISA_USAGE = YES_ERROR;
				CLANG_WARN_DOCUMENTATION_COMMENTS = YES;
				CLANG_WARN_EMPTY_BODY = YES;
				CLANG_WARN_ENUM_CONVERSION = YES;
				CLANG_WARN_INFINITE_RECURSION = YES;
				CLANG_WARN_INT_CONVERSION = YES;
				CLANG_WARN_NON_LITERAL_NULL_CONVERSION = YES;
				CLANG_WARN_OBJC_IMPLICIT_RETAIN_SELF = YES;
				CLANG_WARN_OBJC_LITERAL_CONVERSION = YES;
				CLANG_WARN_OBJC_ROOT_CLASS = YES_ERROR;
				CLANG_WARN_QUOTED_INCLUDE_IN_FRAMEWORK_HEADER = YES;
				CLANG_WARN_RANGE_LOOP_ANALYSIS = YES;
				CLANG_WARN_STRICT_PROTOTYPES = YES;
				CLANG_WARN_SUSPICIOUS_MOVE = YES;
				CLANG_WARN_UNGUARDED_AVAILABILITY = YES_AGGRESSIVE;
				CLANG_WARN_UNREACHABLE_CODE = YES;
				CLANG_WARN__DUPLICATE_METHOD_MATCH = YES;
				COPY_PHASE_STRIP = NO;
				DEBUG_INFORMATION_FORMAT = dwarf;
				ENABLE_STRICT_OBJC_MSGSEND = YES;
				ENABLE_TESTABILITY = YES;
				GCC_C_LANGUAGE_STANDARD = gnu11;
				GCC_DYNAMIC_NO_PIC = NO;
				GCC_NO_COMMON_BLOCKS = YES;
				GCC_OPTIMIZATION_LEVEL = 0;
				GCC_PREPROCESSOR_DEFINITIONS = (
					"DEBUG=1",
					"$(inherited)",
				);
				GCC_WARN_64_TO_32_BIT_CONVERSION = YES;
				GCC_WARN_ABOUT_RETURN_TYPE = YES_ERROR;
				GCC_WARN_UNDECLARED_SELECTOR = YES;
				GCC_WARN_UNINITIALIZED_AUTOS = YES_AGGRESSIVE;
				GCC_WARN_UNUSED_FUNCTION = YES;
				GCC_WARN_UNUSED_VARIABLE = YES;
				MACOSX_DEPLOYMENT_TARGET = 10.15;
				MTL_ENABLE_DEBUG_INFO = INCLUDE_SOURCE;
				MTL_FAST_MATH = YES;
				ONLY_ACTIVE_ARCH = YES;
				SDKROOT = macosx;
			};
			name = Debug;
		};
		41F873182E03135100C58807 /* Release */ = {
			isa = XCBuildConfiguration;
			buildSettings = {
				ALWAYS_SEARCH_USER_PATHS = NO;
				CLANG_ANALYZER_NONNULL = YES;
				CLANG_ANALYZER_NUMBER_OBJECT_CONVERSION = YES_AGGRESSIVE;
				CLANG_CXX_LANGUAGE_STANDARD = "gnu++14";
				CLANG_CXX_LIBRARY = "libc++";
				CLANG_ENABLE_MODULES = YES;
				CLANG_ENABLE_OBJC_ARC = YES;
				CLANG_ENABLE_OBJC_WEAK = YES;
				CLANG_WARN_BLOCK_CAPTURE_AUTORELEASING = YES;
				CLANG_WARN_BOOL_CONVERSION = YES;
				CLANG_WARN_COMMA = YES;
				CLANG_WARN_CONSTANT_CONVERSION = YES;
				CLANG_WARN_DEPRECATED_OBJC_IMPLEMENTATIONS = YES;
				CLANG_WARN_DIRECT_OBJC_ISA_USAGE = YES_ERROR;
				CLANG_WARN_DOCUMENTATION_COMMENTS = YES;
				CLANG_WARN_EMPTY_BODY = YES;
				CLANG_WARN_ENUM_CONVERSION = YES;
				CLANG_WARN_INFINITE_RECURSION = YES;
				CLANG_WARN_INT_CONVERSION = YES;
				CLANG_WARN_NON_LITERAL_NULL_CONVERSION = YES;
				CLANG_WARN_OBJC_IMPLICIT_RETAIN_SELF = YES;
				CLANG_WARN_OBJC_LITERAL_CONVERSION = YES;
				CLANG_WARN_OBJC_ROOT_CLASS = YES_ERROR;
				CLANG_WARN_QUOTED_INCLUDE_IN_FRAMEWORK_HEADER = YES;
				CLANG_WARN_RANGE_LOOP_ANALYSIS = YES;
				CLANG_WARN_STRICT_PROTOTYPES = YES;
				CLANG_WARN_SUSPICIOUS_MOVE = YES;
				CLANG_WARN_UNGUARDED_AVAILABILITY = YES_AGGRESSIVE;
				CLANG_WARN_UNREACHABLE_CODE = YES;
				CLANG_WARN__DUPLICATE_METHOD_MATCH = YES;
				COPY_PHASE_STRIP = NO;
				DEBUG_INFORMATION_FORMAT = "dwarf-with-dsym";
				ENABLE_NS_ASSERTIONS = NO;
				ENABLE_STRICT_OBJC_MSGSEND = YES;
				GCC_C_LANGUAGE_STANDARD = gnu11;
				GCC_NO_COMMON_BLOCKS = YES;
				GCC_WARN_64_TO_32_BIT_CONVERSION = YES;
				GCC_WARN_ABOUT_RETURN_TYPE = YES_ERROR;
				GCC_WARN_UNDECLARED_SELECTOR = YES;
				GCC_WARN_UNINITIALIZED_AUTOS = YES_AGGRESSIVE;
				GCC_WARN_UNUSED_FUNCTION = YES;
				GCC_WARN_UNUSED_VARIABLE = YES;
				MACOSX_DEPLOYMENT_TARGET = 10.15;
				MTL_ENABLE_DEBUG_INFO = NO;
				MTL_FAST_MATH = YES;
				SDKROOT = macosx;
			};
			name = Release;
		};
		41F8731A2E03135100C58807 /* Debug */ = {
			isa = XCBuildConfiguration;
			buildSettings = {
				ASSETCATALOG_COMPILER_APPICON_NAME = AppIcon;
				ASSETCATALOG_COMPILER_GLOBAL_ACCENT_COLOR_NAME = AccentColor;
				CODE_SIGN_ENTITLEMENTS = nuklear_mac_opengl1/nuklear_mac_opengl1.entitlements;
				CODE_SIGN_STYLE = Automatic;
				COMBINE_HIDPI_IMAGES = YES;
				HEADER_SEARCH_PATHS = ./;
				INFOPLIST_FILE = nuklear_mac_opengl1/Info.plist;
				LD_RUNPATH_SEARCH_PATHS = (
					"$(inherited)",
					"@executable_path/../Frameworks",
				);
				PRODUCT_BUNDLE_IDENTIFIER = "ac.kaiser.nuklear-mac-opengl1";
				PRODUCT_NAME = "$(TARGET_NAME)";
			};
			name = Debug;
		};
		41F8731B2E03135100C58807 /* Release */ = {
			isa = XCBuildConfiguration;
			buildSettings = {
				ASSETCATALOG_COMPILER_APPICON_NAME = AppIcon;
				ASSETCATALOG_COMPILER_GLOBAL_ACCENT_COLOR_NAME = AccentColor;
				CODE_SIGN_ENTITLEMENTS = nuklear_mac_opengl1/nuklear_mac_opengl1.entitlements;
				CODE_SIGN_STYLE = Automatic;
				COMBINE_HIDPI_IMAGES = YES;
				HEADER_SEARCH_PATHS = ./;
				INFOPLIST_FILE = nuklear_mac_opengl1/Info.plist;
				LD_RUNPATH_SEARCH_PATHS = (
					"$(inherited)",
					"@executable_path/../Frameworks",
				);
				PRODUCT_BUNDLE_IDENTIFIER = "ac.kaiser.nuklear-mac-opengl1";
				PRODUCT_NAME = "$(TARGET_NAME)";
			};
			name = Release;
		};
/* End XCBuildConfiguration section */

/* Begin XCConfigurationList section */
		41F873002E03134F00C58807 /* Build configuration list for PBXProject "nuklear_mac_opengl1" */ = {
			isa = XCConfigurationList;
			buildConfigurations = (
				41F873172E03135100C58807 /* Debug */,
				41F873182E03135100C58807 /* Release */,
			);
			defaultConfigurationIsVisible = 0;
			defaultConfigurationName = Release;
		};
		41F873192E03135100C58807 /* Build configuration list for PBXNativeTarget "nuklear_mac_opengl1" */ = {
			isa = XCConfigurationList;
			buildConfigurations = (
				41F8731A2E03135100C58807 /* Debug */,
				41F8731B2E03135100C58807 /* Release */,
			);
			defaultConfigurationIsVisible = 0;
			defaultConfigurationName = Release;
		};
/* End XCConfigurationList section */
	};
	rootObject = 41F872FD2E03134F00C58807 /* Project object */;
}
